
Microsoft Visual Studio Solution File, Format Version 12.00
# Visual Studio 2013
VisualStudioVersion = 12.0.21005.1
MinimumVisualStudioVersion = 10.0.40219.1
Project("{FAE04EC0-301F-11D3-BF4B-00C04F79EFBC}") = "DLNServer", "DLNServer\DLNServer.csproj", "{2DC477F8-9F03-4303-928A-C6D56E37AD51}"
EndProject
Project("{FAE04EC0-301F-11D3-BF4B-00C04F79EFBC}") = "DLNSchema", "DLNSchema\DLNSchema.csproj", "{11EB60B5-5605-43C4-A4BD-C14CDFF8109C}"
EndProject
Global
	GlobalSection(SolutionConfigurationPlatforms) = preSolution
		Debug|Any CPU = Debug|Any CPU
		Release|Any CPU = Release|Any CPU
	EndGlobalSection
	GlobalSection(ProjectConfigurationPlatforms) = postSolution
		{2DC477F8-9F03-4303-928A-C6D56E37AD51}.Debug|Any CPU.ActiveCfg = Debug|Any CPU
		{2DC477F8-9F03-4303-928A-C6D56E37AD51}.Debug|Any CPU.Build.0 = Debug|Any CPU
		{2DC477F8-9F03-4303-928A-C6D56E37AD51}.Release|Any CPU.ActiveCfg = Release|Any CPU
		{2DC477F8-9F03-4303-928A-C6D56E37AD51}.Release|Any CPU.Build.0 = Release|Any CPU
		{11EB60B5-5605-43C4-A4BD-C14CDFF8109C}.Debug|Any CPU.ActiveCfg = Debug|Any CPU
		{11EB60B5-5605-43C4-A4BD-C14CDFF8109C}.Debug|Any CPU.Build.0 = Debug|Any CPU
		{11EB60B5-5605-43C4-A4BD-C14CDFF8109C}.Release|Any CPU.ActiveCfg = Release|Any CPU
		{11EB60B5-5605-43C4-A4BD-C14CDFF8109C}.Release|Any CPU.Build.0 = Release|Any CPU
	EndGlobalSection
	GlobalSection(SolutionProperties) = preSolution
		HideSolutionNode = FALSE
	EndGlobalSection
EndGlobal
